
Microsoft Visual Studio Solution File, Format Version 12.00
# Visual Studio 15
VisualStudioVersion = 15.0.27428.2043
MinimumVisualStudioVersion = 10.0.40219.1
Project("{FAE04EC0-301F-11D3-BF4B-00C04F79EFBC}") = "Cardiology", "Cardiology\Cardiology.csproj", "{56CE2A5F-5831-4A4B-A1DF-14E99060A699}"
EndProject
Project("{2150E333-8FDC-42A3-9474-1A3956D46DE8}") = "Solution Items", "Solution Items", "{F29FB06D-B154-4E80-AAF5-502AAAB4DBAF}"
	ProjectSection(SolutionItems) = preProject
		Database\cardiology.sqlite = Database\cardiology.sqlite
		Images\logo.ico = Images\logo.ico
	EndProjectSection
EndProject
Global
	GlobalSection(SolutionConfigurationPlatforms) = preSolution
		Debug|Any CPU = Debug|Any CPU
		Release|Any CPU = Release|Any CPU
	EndGlobalSection
	GlobalSection(ProjectConfigurationPlatforms) = postSolution
		{56CE2A5F-5831-4A4B-A1DF-14E99060A699}.Debug|Any CPU.ActiveCfg = Debug|Any CPU
		{56CE2A5F-5831-4A4B-A1DF-14E99060A699}.Debug|Any CPU.Build.0 = Debug|Any CPU
		{56CE2A5F-5831-4A4B-A1DF-14E99060A699}.Release|Any CPU.ActiveCfg = Release|Any CPU
		{56CE2A5F-5831-4A4B-A1DF-14E99060A699}.Release|Any CPU.Build.0 = Release|Any CPU
	EndGlobalSection
	GlobalSection(SolutionProperties) = preSolution
		HideSolutionNode = FALSE
	EndGlobalSection
	GlobalSection(ExtensibilityGlobals) = postSolution
		SolutionGuid = {F594FCA6-F6AA-4433-9D84-35AD8F2CD515}
	EndGlobalSection
EndGlobal
